
Microsoft Visual Studio Solution File, Format Version 12.00
# Visual Studio Version 16
VisualStudioVersion = 16.0.30907.101
MinimumVisualStudioVersion = 10.0.40219.1
Project("{FAE04EC0-301F-11D3-BF4B-00C04F79EFBC}") = "Smartsense.Api", "Smartsense.Api\Smartsense.Api.csproj", "{0233AD59-F5E3-40C6-8465-9E08919705E6}"
EndProject
Project("{FAE04EC0-301F-11D3-BF4B-00C04F79EFBC}") = "Smartsense.Business", "Smartsense.Business\Smartsense.Business.csproj", "{97202732-C456-4FFF-9C7E-DCC64E9E2EB9}"
EndProject
Project("{FAE04EC0-301F-11D3-BF4B-00C04F79EFBC}") = "Smartsense.Core", "Smartsense.Core\Smartsense.Core.csproj", "{88224CD6-8682-4EAE-86E3-B7C8256D45D2}"
EndProject
Project("{FAE04EC0-301F-11D3-BF4B-00C04F79EFBC}") = "Smartsense.Data", "Smartsense.Data\Smartsense.Data.csproj", "{F2062B04-34FD-4001-ADE2-C7258077615F}"
EndProject
Project("{FAE04EC0-301F-11D3-BF4B-00C04F79EFBC}") = "Smartsense.Entity", "Smartsense.Entity\Smartsense.Entity.csproj", "{B2AB5867-2778-4C8E-9683-CA53E1AAACF0}"
EndProject
Global
	GlobalSection(SolutionConfigurationPlatforms) = preSolution
		Debug|Any CPU = Debug|Any CPU
		Release|Any CPU = Release|Any CPU
	EndGlobalSection
	GlobalSection(ProjectConfigurationPlatforms) = postSolution
		{0233AD59-F5E3-40C6-8465-9E08919705E6}.Debug|Any CPU.ActiveCfg = Debug|Any CPU
		{0233AD59-F5E3-40C6-8465-9E08919705E6}.Debug|Any CPU.Build.0 = Debug|Any CPU
		{0233AD59-F5E3-40C6-8465-9E08919705E6}.Release|Any CPU.ActiveCfg = Release|Any CPU
		{0233AD59-F5E3-40C6-8465-9E08919705E6}.Release|Any CPU.Build.0 = Release|Any CPU
		{97202732-C456-4FFF-9C7E-DCC64E9E2EB9}.Debug|Any CPU.ActiveCfg = Debug|Any CPU
		{97202732-C456-4FFF-9C7E-DCC64E9E2EB9}.Debug|Any CPU.Build.0 = Debug|Any CPU
		{97202732-C456-4FFF-9C7E-DCC64E9E2EB9}.Release|Any CPU.ActiveCfg = Release|Any CPU
		{97202732-C456-4FFF-9C7E-DCC64E9E2EB9}.Release|Any CPU.Build.0 = Release|Any CPU
		{88224CD6-8682-4EAE-86E3-B7C8256D45D2}.Debug|Any CPU.ActiveCfg = Debug|Any CPU
		{88224CD6-8682-4EAE-86E3-B7C8256D45D2}.Debug|Any CPU.Build.0 = Debug|Any CPU
		{88224CD6-8682-4EAE-86E3-B7C8256D45D2}.Release|Any CPU.ActiveCfg = Release|Any CPU
		{88224CD6-8682-4EAE-86E3-B7C8256D45D2}.Release|Any CPU.Build.0 = Release|Any CPU
		{F2062B04-34FD-4001-ADE2-C7258077615F}.Debug|Any CPU.ActiveCfg = Debug|Any CPU
		{F2062B04-34FD-4001-ADE2-C7258077615F}.Debug|Any CPU.Build.0 = Debug|Any CPU
		{F2062B04-34FD-4001-ADE2-C7258077615F}.Release|Any CPU.ActiveCfg = Release|Any CPU
		{F2062B04-34FD-4001-ADE2-C7258077615F}.Release|Any CPU.Build.0 = Release|Any CPU
		{B2AB5867-2778-4C8E-9683-CA53E1AAACF0}.Debug|Any CPU.ActiveCfg = Debug|Any CPU
		{B2AB5867-2778-4C8E-9683-CA53E1AAACF0}.Debug|Any CPU.Build.0 = Debug|Any CPU
		{B2AB5867-2778-4C8E-9683-CA53E1AAACF0}.Release|Any CPU.ActiveCfg = Release|Any CPU
		{B2AB5867-2778-4C8E-9683-CA53E1AAACF0}.Release|Any CPU.Build.0 = Release|Any CPU
	EndGlobalSection
	GlobalSection(SolutionProperties) = preSolution
		HideSolutionNode = FALSE
	EndGlobalSection
	GlobalSection(ExtensibilityGlobals) = postSolution
		SolutionGuid = {691F705A-0718-4F73-BF46-2E43BAD2A889}
	EndGlobalSection
EndGlobal
